{
  "name": "check-release-commit",
  "version": "0.0.1",
  "lockfileVersion": 1,
  "requires": true,
  "dependencies": {
    "@actions/core": {
      "version": "1.3.0",
      "resolved": "https://registry.npmjs.org/@actions/core/-/core-1.3.0.tgz",
      "integrity": "sha512-xxtX0Cwdhb8LcgatfJkokqT8KzPvcIbwL9xpLU09nOwBzaStbfm0dNncsP0M4us+EpoPdWy7vbzU5vSOH7K6pg=="
    },
    "@actions/exec": {
      "version": "1.0.3",
      "resolved": "https://registry.npmjs.org/@actions/exec/-/exec-1.0.3.tgz",
      "integrity": "sha512-TogJGnueOmM7ntCi0ASTUj4LapRRtDfj57Ja4IhPmg2fls28uVOPbAn8N+JifaOumN2UG3oEO/Ixek2A4NcYSA==",
      "requires": {
        "@actions/io": "^1.0.1"
      }
    },
    "@actions/io": {
      "version": "1.0.2",
      "resolved": "https://registry.npmjs.org/@actions/io/-/io-1.0.2.tgz",
      "integrity": "sha512-J8KuFqVPr3p6U8W93DOXlXW6zFvrQAJANdS+vw0YhusLIq+bszW8zmK2Fh1C2kDPX8FMvwIl1OUcFgvJoXLbAg=="
    }
  }
}
